
Microsoft Visual Studio Solution File, Format Version 12.00
# Visual Studio Version 17
VisualStudioVersion = 17.0.31903.59
MinimumVisualStudioVersion = 10.0.40219.1
Project("{9A19103F-16F7-4668-BE54-9A1E7A4F7556}") = "HttpLibrary", "HttpLibrary\HttpLibrary.csproj", "{81FB7811-0076-4174-B423-300BF961C9E4}"
EndProject
Project("{FAE04EC0-301F-11D3-BF4B-00C04F79EFBC}") = "ExampleApp", "ExampleApp\ExampleApp.csproj", "{FD925EB6-8BB9-4C88-8AF6-797AC353FFF0}"
EndProject
Global
	GlobalSection(SolutionConfigurationPlatforms) = preSolution
		Debug|Any CPU = Debug|Any CPU
		Release|Any CPU = Release|Any CPU
	EndGlobalSection
	GlobalSection(ProjectConfigurationPlatforms) = postSolution
		{81FB7811-0076-4174-B423-300BF961C9E4}.Debug|Any CPU.ActiveCfg = Debug|Any CPU
		{81FB7811-0076-4174-B423-300BF961C9E4}.Debug|Any CPU.Build.0 = Debug|Any CPU
		{81FB7811-0076-4174-B423-300BF961C9E4}.Release|Any CPU.ActiveCfg = Release|Any CPU
		{81FB7811-0076-4174-B423-300BF961C9E4}.Release|Any CPU.Build.0 = Release|Any CPU
		{FD925EB6-8BB9-4C88-8AF6-797AC353FFF0}.Debug|Any CPU.ActiveCfg = Debug|Any CPU
		{FD925EB6-8BB9-4C88-8AF6-797AC353FFF0}.Debug|Any CPU.Build.0 = Debug|Any CPU
		{FD925EB6-8BB9-4C88-8AF6-797AC353FFF0}.Release|Any CPU.ActiveCfg = Release|Any CPU
		{FD925EB6-8BB9-4C88-8AF6-797AC353FFF0}.Release|Any CPU.Build.0 = Release|Any CPU
	EndGlobalSection
	GlobalSection(SolutionProperties) = preSolution
		HideSolutionNode = FALSE
	EndGlobalSection
	GlobalSection(ExtensibilityGlobals) = postSolution
		SolutionGuid = {6A081D61-316B-4D5D-9580-284050EA6790}
	EndGlobalSection
EndGlobal
